
Microsoft Visual Studio Solution File, Format Version 12.00
# Visual Studio Version 17
VisualStudioVersion = 17.9.34723.18
MinimumVisualStudioVersion = 10.0.40219.1
Project("{9A19103F-16F7-4668-BE54-9A1E7A4F7556}") = "BCRA", "BCRA\BCRA.csproj", "{6261A5B7-E61D-4260-BFFB-B533FA862C66}"
EndProject
Project("{9A19103F-16F7-4668-BE54-9A1E7A4F7556}") = "BCRA.Example", "BCRA.Example\BCRA.Example.csproj", "{E9B848B3-CE80-498C-B378-C802BF990504}"
EndProject
Global
	GlobalSection(SolutionConfigurationPlatforms) = preSolution
		Debug|Any CPU = Debug|Any CPU
		Release|Any CPU = Release|Any CPU
	EndGlobalSection
	GlobalSection(ProjectConfigurationPlatforms) = postSolution
		{6261A5B7-E61D-4260-BFFB-B533FA862C66}.Debug|Any CPU.ActiveCfg = Debug|Any CPU
		{6261A5B7-E61D-4260-BFFB-B533FA862C66}.Debug|Any CPU.Build.0 = Debug|Any CPU
		{6261A5B7-E61D-4260-BFFB-B533FA862C66}.Release|Any CPU.ActiveCfg = Release|Any CPU
		{6261A5B7-E61D-4260-BFFB-B533FA862C66}.Release|Any CPU.Build.0 = Release|Any CPU
		{E9B848B3-CE80-498C-B378-C802BF990504}.Debug|Any CPU.ActiveCfg = Debug|Any CPU
		{E9B848B3-CE80-498C-B378-C802BF990504}.Debug|Any CPU.Build.0 = Debug|Any CPU
		{E9B848B3-CE80-498C-B378-C802BF990504}.Release|Any CPU.ActiveCfg = Release|Any CPU
		{E9B848B3-CE80-498C-B378-C802BF990504}.Release|Any CPU.Build.0 = Release|Any CPU
	EndGlobalSection
	GlobalSection(SolutionProperties) = preSolution
		HideSolutionNode = FALSE
	EndGlobalSection
	GlobalSection(ExtensibilityGlobals) = postSolution
		SolutionGuid = {510BD773-F824-43BC-9D93-5476B5E85F6E}
	EndGlobalSection
EndGlobal
